
Microsoft Visual Studio Solution File, Format Version 12.00
# Visual Studio 15
VisualStudioVersion = 15.0.28307.645
MinimumVisualStudioVersion = 10.0.40219.1
Project("{FAE04EC0-301F-11D3-BF4B-00C04F79EFBC}") = "GOK_back_end", "GOK_back_end.csproj", "{E6D231F2-28B3-43A8-9F90-9B1ECBA96D41}"
EndProject
Global
	GlobalSection(SolutionConfigurationPlatforms) = preSolution
		Debug|Any CPU = Debug|Any CPU
		Release|Any CPU = Release|Any CPU
	EndGlobalSection
	GlobalSection(ProjectConfigurationPlatforms) = postSolution
		{E6D231F2-28B3-43A8-9F90-9B1ECBA96D41}.Debug|Any CPU.ActiveCfg = Debug|Any CPU
		{E6D231F2-28B3-43A8-9F90-9B1ECBA96D41}.Debug|Any CPU.Build.0 = Debug|Any CPU
		{E6D231F2-28B3-43A8-9F90-9B1ECBA96D41}.Release|Any CPU.ActiveCfg = Release|Any CPU
		{E6D231F2-28B3-43A8-9F90-9B1ECBA96D41}.Release|Any CPU.Build.0 = Release|Any CPU
	EndGlobalSection
	GlobalSection(SolutionProperties) = preSolution
		HideSolutionNode = FALSE
	EndGlobalSection
	GlobalSection(ExtensibilityGlobals) = postSolution
		SolutionGuid = {DB8228F8-4FB0-43DC-B8FF-6C160D1539FC}
	EndGlobalSection
EndGlobal
